
Microsoft Visual Studio Solution File, Format Version 12.00
# Visual Studio Version 17
VisualStudioVersion = 17.5.33414.496
MinimumVisualStudioVersion = 10.0.40219.1
Project("{FAE04EC0-301F-11D3-BF4B-00C04F79EFBC}") = "MyFirst_Api", "MyFirst_Api\MyFirst_Api.csproj", "{DF1F09AE-82F0-4AAE-BC53-79733197CF61}"
EndProject
Global
	GlobalSection(SolutionConfigurationPlatforms) = preSolution
		Debug|Any CPU = Debug|Any CPU
		Release|Any CPU = Release|Any CPU
	EndGlobalSection
	GlobalSection(ProjectConfigurationPlatforms) = postSolution
		{DF1F09AE-82F0-4AAE-BC53-79733197CF61}.Debug|Any CPU.ActiveCfg = Debug|Any CPU
		{DF1F09AE-82F0-4AAE-BC53-79733197CF61}.Debug|Any CPU.Build.0 = Debug|Any CPU
		{DF1F09AE-82F0-4AAE-BC53-79733197CF61}.Release|Any CPU.ActiveCfg = Release|Any CPU
		{DF1F09AE-82F0-4AAE-BC53-79733197CF61}.Release|Any CPU.Build.0 = Release|Any CPU
	EndGlobalSection
	GlobalSection(SolutionProperties) = preSolution
		HideSolutionNode = FALSE
	EndGlobalSection
	GlobalSection(ExtensibilityGlobals) = postSolution
		SolutionGuid = {FA828E9D-4B00-42CE-AD64-77722A521C98}
	EndGlobalSection
EndGlobal
